
Microsoft Visual Studio Solution File, Format Version 12.00
# Visual Studio Version 17
VisualStudioVersion = 17.7.34024.191
MinimumVisualStudioVersion = 10.0.40219.1
Project("{FAE04EC0-301F-11D3-BF4B-00C04F79EFBC}") = "HW1", "HW1\HW1.csproj", "{A03E5AA2-AF0A-4049-A3E9-E03ECA587662}"
EndProject
Global
	GlobalSection(SolutionConfigurationPlatforms) = preSolution
		Debug|Any CPU = Debug|Any CPU
		Release|Any CPU = Release|Any CPU
	EndGlobalSection
	GlobalSection(ProjectConfigurationPlatforms) = postSolution
		{A03E5AA2-AF0A-4049-A3E9-E03ECA587662}.Debug|Any CPU.ActiveCfg = Debug|Any CPU
		{A03E5AA2-AF0A-4049-A3E9-E03ECA587662}.Debug|Any CPU.Build.0 = Debug|Any CPU
		{A03E5AA2-AF0A-4049-A3E9-E03ECA587662}.Release|Any CPU.ActiveCfg = Release|Any CPU
		{A03E5AA2-AF0A-4049-A3E9-E03ECA587662}.Release|Any CPU.Build.0 = Release|Any CPU
	EndGlobalSection
	GlobalSection(SolutionProperties) = preSolution
		HideSolutionNode = FALSE
	EndGlobalSection
	GlobalSection(ExtensibilityGlobals) = postSolution
		SolutionGuid = {3913425C-AE81-4BF2-8324-6B583CA35E6F}
	EndGlobalSection
EndGlobal
