
Microsoft Visual Studio Solution File, Format Version 12.00
# Visual Studio Version 17
VisualStudioVersion = 17.7.34024.191
MinimumVisualStudioVersion = 10.0.40219.1
Project("{FAE04EC0-301F-11D3-BF4B-00C04F79EFBC}") = "practice_6_2", "practice_6_2.csproj", "{BF70C6E3-35B8-493C-B055-30238331E3D9}"
EndProject
Global
	GlobalSection(SolutionConfigurationPlatforms) = preSolution
		Debug|Any CPU = Debug|Any CPU
		Release|Any CPU = Release|Any CPU
	EndGlobalSection
	GlobalSection(ProjectConfigurationPlatforms) = postSolution
		{BF70C6E3-35B8-493C-B055-30238331E3D9}.Debug|Any CPU.ActiveCfg = Debug|Any CPU
		{BF70C6E3-35B8-493C-B055-30238331E3D9}.Debug|Any CPU.Build.0 = Debug|Any CPU
		{BF70C6E3-35B8-493C-B055-30238331E3D9}.Release|Any CPU.ActiveCfg = Release|Any CPU
		{BF70C6E3-35B8-493C-B055-30238331E3D9}.Release|Any CPU.Build.0 = Release|Any CPU
	EndGlobalSection
	GlobalSection(SolutionProperties) = preSolution
		HideSolutionNode = FALSE
	EndGlobalSection
	GlobalSection(ExtensibilityGlobals) = postSolution
		SolutionGuid = {52258507-3304-4D71-8327-936F6A623E08}
	EndGlobalSection
EndGlobal
